
Microsoft Visual Studio Solution File, Format Version 12.00
# Visual Studio Version 17
VisualStudioVersion = 17.11.35222.181
MinimumVisualStudioVersion = 10.0.40219.1
Project("{FAE04EC0-301F-11D3-BF4B-00C04F79EFBC}") = "OldPhoneKeyPad", "OldPhoneKeyPad\OldPhoneKeyPad.csproj", "{FBBD7B54-B81A-403B-86B2-0B5558397012}"
EndProject
Global
	GlobalSection(SolutionConfigurationPlatforms) = preSolution
		Debug|Any CPU = Debug|Any CPU
		Release|Any CPU = Release|Any CPU
	EndGlobalSection
	GlobalSection(ProjectConfigurationPlatforms) = postSolution
		{FBBD7B54-B81A-403B-86B2-0B5558397012}.Debug|Any CPU.ActiveCfg = Debug|Any CPU
		{FBBD7B54-B81A-403B-86B2-0B5558397012}.Debug|Any CPU.Build.0 = Debug|Any CPU
		{FBBD7B54-B81A-403B-86B2-0B5558397012}.Release|Any CPU.ActiveCfg = Release|Any CPU
		{FBBD7B54-B81A-403B-86B2-0B5558397012}.Release|Any CPU.Build.0 = Release|Any CPU
	EndGlobalSection
	GlobalSection(SolutionProperties) = preSolution
		HideSolutionNode = FALSE
	EndGlobalSection
	GlobalSection(ExtensibilityGlobals) = postSolution
		SolutionGuid = {DBCFCA1B-7D38-4006-AB36-D378B3184BA0}
	EndGlobalSection
EndGlobal
